{
  "version": 4,
  "terraform_version": "1.15.8",
  "serial": 3,
  "lineage": "34776caf-3cc0-e7a7-0e58-8760e1367dbb",
  "outputs": {},
  "resources": [
    {
      "mode": "managed",
      "type": "helm_release",
      "name": "local_path_provisioner",
      "provider": "provider[\"registry.terraform.io/hashicorp/helm\"]",
      "instances": [
        {
          "schema_version": 2,
          "attributes": {
            "atomic": false,
            "chart": "local-path-provisioner",
            "cleanup_on_fail": false,
            "create_namespace": true,
            "dependency_update": false,
            "description": null,
            "devel": null,
            "disable_crd_hooks": false,
            "disable_openapi_validation": false,
            "disable_webhooks": false,
            "force_update": false,
            "id": "local-path-provisioner",
            "keyring": null,
            "lint": false,
            "manifest": null,
            "max_history": 0,
            "metadata": {
              "app_version": "v0.0.36",
              "chart": "local-path-provisioner",
              "first_deployed": 1786426659,
              "last_deployed": 1786426659,
              "name": "local-path-provisioner",
              "namespace": "local-path-storage",
              "notes": "You can create a hostpath-backed persistent volume with a persistent volume claim like this:\n\napiVersion: v1\nkind: PersistentVolumeClaim\nmetadata:\n  name: local-path-pvc\nspec:\n  accessModes:\n    - ReadWriteOnce\n  storageClassName: local-path\n  resources:\n    requests:\n      storage: 2Gi\n",
              "revision": 1,
              "values": "{\"storageClass\":{\"defaultClass\":true}}",
              "version": "0.0.37"
            },
            "name": "local-path-provisioner",
            "namespace": "local-path-storage",
            "pass_credentials": false,
            "postrender": null,
            "recreate_pods": false,
            "render_subchart_notes": true,
            "replace": false,
            "repository": "https://charts.containeroo.ch",
            "repository_ca_file": null,
            "repository_cert_file": null,
            "repository_key_file": null,
            "repository_password": null,
            "repository_username": null,
            "reset_values": false,
            "resources": null,
            "reuse_values": false,
            "set": null,
            "set_list": null,
            "set_sensitive": null,
            "set_wo": null,
            "set_wo_revision": null,
            "skip_crds": false,
            "status": "deployed",
            "take_ownership": false,
            "timeout": 300,
            "timeouts": null,
            "upgrade_install": false,
            "values": [
              "\"storageClass\":\n  \"defaultClass\": true\n"
            ],
            "verify": false,
            "version": "0.0.37",
            "wait": true,
            "wait_for_jobs": false
          },
          "sensitive_attributes": [
            [
              {
                "type": "get_attr",
                "value": "repository_password"
              }
            ]
          ],
          "identity_schema_version": 0,
          "identity": {
            "namespace": "local-path-storage",
            "release_name": "local-path-provisioner"
          }
        }
      ]
    },
    {
      "mode": "managed",
      "type": "helm_release",
      "name": "longhorn",
      "provider": "provider[\"registry.terraform.io/hashicorp/helm\"]",
      "instances": [
        {
          "schema_version": 2,
          "attributes": {
            "atomic": false,
            "chart": "longhorn",
            "cleanup_on_fail": false,
            "create_namespace": true,
            "dependency_update": false,
            "description": null,
            "devel": null,
            "disable_crd_hooks": false,
            "disable_openapi_validation": false,
            "disable_webhooks": false,
            "force_update": false,
            "id": "longhorn",
            "keyring": null,
            "lint": false,
            "manifest": null,
            "max_history": 0,
            "metadata": {
              "app_version": "v1.11.3",
              "chart": "longhorn",
              "first_deployed": 1786426659,
              "last_deployed": 1786426659,
              "name": "longhorn",
              "namespace": "longhorn-system",
              "notes": "Longhorn is now installed on the cluster!\n\nPlease wait a few minutes for other Longhorn components such as CSI deployments, Engine Images, and Instance Managers to be initialized.\n\nVisit our documentation at https://longhorn.io/docs/\n",
              "revision": 1,
              "values": "{\"defaultSettings\":{\"defaultDataPath\":\"/data/longhorn\"},\"persistence\":{\"defaultClass\":false,\"defaultClassReplicaCount\":2}}",
              "version": "1.11.3"
            },
            "name": "longhorn",
            "namespace": "longhorn-system",
            "pass_credentials": false,
            "postrender": null,
            "recreate_pods": false,
            "render_subchart_notes": true,
            "replace": false,
            "repository": "https://charts.longhorn.io",
            "repository_ca_file": null,
            "repository_cert_file": null,
            "repository_key_file": null,
            "repository_password": null,
            "repository_username": null,
            "reset_values": false,
            "resources": null,
            "reuse_values": false,
            "set": null,
            "set_list": null,
            "set_sensitive": null,
            "set_wo": null,
            "set_wo_revision": null,
            "skip_crds": false,
            "status": "deployed",
            "take_ownership": false,
            "timeout": 600,
            "timeouts": null,
            "upgrade_install": false,
            "values": [
              "\"defaultSettings\":\n  \"defaultDataPath\": \"/data/longhorn\"\n\"persistence\":\n  \"defaultClass\": false\n  \"defaultClassReplicaCount\": 2\n"
            ],
            "verify": false,
            "version": "1.11.3",
            "wait": true,
            "wait_for_jobs": false
          },
          "sensitive_attributes": [
            [
              {
                "type": "get_attr",
                "value": "repository_password"
              }
            ]
          ],
          "identity_schema_version": 0,
          "identity": {
            "namespace": "longhorn-system",
            "release_name": "longhorn"
          }
        }
      ]
    }
  ],
  "check_results": null
}
