{
  "version": 4,
  "terraform_version": "1.15.8",
  "serial": 1,
  "lineage": "5142930b-5092-d125-a661-0e8876c7fbc1",
  "outputs": {},
  "resources": [
    {
      "mode": "managed",
      "type": "helm_release",
      "name": "strimzi",
      "provider": "provider[\"registry.terraform.io/hashicorp/helm\"]",
      "instances": [
        {
          "schema_version": 2,
          "attributes": {
            "atomic": false,
            "chart": "strimzi-kafka-operator",
            "cleanup_on_fail": false,
            "create_namespace": true,
            "dependency_update": false,
            "description": null,
            "devel": null,
            "disable_crd_hooks": false,
            "disable_openapi_validation": false,
            "disable_webhooks": false,
            "force_update": false,
            "id": "strimzi",
            "keyring": null,
            "lint": false,
            "manifest": null,
            "max_history": 0,
            "metadata": {
              "app_version": "1.2.0",
              "chart": "strimzi-kafka-operator",
              "first_deployed": 1787903013,
              "last_deployed": 1787903013,
              "name": "strimzi",
              "namespace": "strimzi-system",
              "notes": "Thank you for installing strimzi-kafka-operator-1.2.0\n\nTo create a Kafka cluster refer to the following documentation.\n\nhttps://strimzi.io/docs/operators/latest/deploying.html#deploying-cluster-operator-helm-chart-str\n",
              "revision": 1,
              "values": "{\"generateNetworkPolicy\":false,\"resources\":{\"limits\":null,\"requests\":{\"cpu\":\"100m\",\"memory\":\"384Mi\"}},\"watchAnyNamespace\":true}",
              "version": "1.2.0"
            },
            "name": "strimzi",
            "namespace": "strimzi-system",
            "pass_credentials": false,
            "postrender": null,
            "recreate_pods": false,
            "render_subchart_notes": true,
            "replace": false,
            "repository": "oci://quay.io/strimzi-helm",
            "repository_ca_file": null,
            "repository_cert_file": null,
            "repository_key_file": null,
            "repository_password": null,
            "repository_username": null,
            "reset_values": false,
            "resources": null,
            "reuse_values": false,
            "set": null,
            "set_list": null,
            "set_sensitive": null,
            "set_wo": null,
            "set_wo_revision": null,
            "skip_crds": false,
            "status": "deployed",
            "take_ownership": false,
            "timeout": 600,
            "timeouts": null,
            "upgrade_install": false,
            "values": [
              "\"generateNetworkPolicy\": false\n\"resources\":\n  \"limits\": null\n  \"requests\":\n    \"cpu\": \"100m\"\n    \"memory\": \"384Mi\"\n\"watchAnyNamespace\": true\n"
            ],
            "verify": false,
            "version": "1.2.0",
            "wait": true,
            "wait_for_jobs": false
          },
          "sensitive_attributes": [
            [
              {
                "type": "get_attr",
                "value": "repository_password"
              }
            ]
          ],
          "identity_schema_version": 0,
          "identity": {
            "namespace": "strimzi-system",
            "release_name": "strimzi"
          }
        }
      ]
    }
  ],
  "check_results": null
}
