{
  "version": 4,
  "terraform_version": "1.15.8",
  "serial": 1,
  "lineage": "b73a6203-6c8f-1a88-2cc4-48a7ff2ae97d",
  "outputs": {},
  "resources": [
    {
      "mode": "managed",
      "type": "helm_release",
      "name": "metallb",
      "provider": "provider[\"registry.terraform.io/hashicorp/helm\"]",
      "instances": [
        {
          "schema_version": 2,
          "attributes": {
            "atomic": false,
            "chart": "metallb",
            "cleanup_on_fail": false,
            "create_namespace": true,
            "dependency_update": false,
            "description": null,
            "devel": null,
            "disable_crd_hooks": false,
            "disable_openapi_validation": false,
            "disable_webhooks": false,
            "force_update": false,
            "id": "metallb",
            "keyring": null,
            "lint": false,
            "manifest": null,
            "max_history": 0,
            "metadata": {
              "app_version": "v0.16.1",
              "chart": "metallb",
              "first_deployed": 1786433696,
              "last_deployed": 1786433696,
              "name": "metallb",
              "namespace": "metallb-system",
              "notes": "MetalLB is now running in the cluster.\n\nNow you can configure it via its CRs. Please refer to the metallb official docs\non how to use the CRs.\n",
              "revision": 1,
              "values": "{\"controller\":{\"resources\":{\"requests\":{\"cpu\":\"10m\",\"memory\":\"32Mi\"}}},\"frrk8s\":{\"enabled\":false},\"speaker\":{\"resources\":{\"requests\":{\"cpu\":\"10m\",\"memory\":\"32Mi\"}}}}",
              "version": "0.16.1"
            },
            "name": "metallb",
            "namespace": "metallb-system",
            "pass_credentials": false,
            "postrender": null,
            "recreate_pods": false,
            "render_subchart_notes": true,
            "replace": false,
            "repository": "https://metallb.github.io/metallb",
            "repository_ca_file": null,
            "repository_cert_file": null,
            "repository_key_file": null,
            "repository_password": null,
            "repository_username": null,
            "reset_values": false,
            "resources": null,
            "reuse_values": false,
            "set": null,
            "set_list": null,
            "set_sensitive": null,
            "set_wo": null,
            "set_wo_revision": null,
            "skip_crds": false,
            "status": "deployed",
            "take_ownership": false,
            "timeout": 600,
            "timeouts": null,
            "upgrade_install": false,
            "values": [
              "\"controller\":\n  \"resources\":\n    \"requests\":\n      \"cpu\": \"10m\"\n      \"memory\": \"32Mi\"\n\"frrk8s\":\n  \"enabled\": false\n\"speaker\":\n  \"resources\":\n    \"requests\":\n      \"cpu\": \"10m\"\n      \"memory\": \"32Mi\"\n"
            ],
            "verify": false,
            "version": "0.16.1",
            "wait": true,
            "wait_for_jobs": false
          },
          "sensitive_attributes": [
            [
              {
                "type": "get_attr",
                "value": "repository_password"
              }
            ]
          ],
          "identity_schema_version": 0,
          "identity": {
            "namespace": "metallb-system",
            "release_name": "metallb"
          }
        }
      ]
    }
  ],
  "check_results": null
}
