{
  "version": 4,
  "terraform_version": "1.15.8",
  "serial": 5,
  "lineage": "266cd453-6931-2947-a3f6-6f0f18f793d6",
  "outputs": {
    "common_config_map": {
      "value": "data-layer-env",
      "type": "string"
    },
    "common_secret": {
      "value": "data-layer-secrets",
      "type": "string"
    },
    "kafka_bootstrap": {
      "value": "192.168.56.200:9092,192.168.56.201:9092,192.168.56.202:9092",
      "type": "string"
    },
    "namespace": {
      "value": "data-layer",
      "type": "string"
    },
    "schema_registry_url": {
      "value": "http://schema-registry.data-layer.svc.cluster.local:9096",
      "type": "string"
    }
  },
  "resources": [
    {
      "mode": "managed",
      "type": "kubernetes_cluster_role_binding_v1",
      "name": "data_layer_default",
      "provider": "provider[\"registry.terraform.io/hashicorp/kubernetes\"]",
      "instances": [
        {
          "schema_version": 0,
          "attributes": {
            "id": "data-layer-default-admin",
            "metadata": [
              {
                "annotations": null,
                "generate_name": "",
                "generation": 0,
                "labels": {
                  "app.kubernetes.io/part-of": "data-layer"
                },
                "name": "data-layer-default-admin",
                "resource_version": "104398",
                "uid": "9d3e4298-881a-43f3-a03a-2865d9488645"
              }
            ],
            "role_ref": [
              {
                "api_group": "rbac.authorization.k8s.io",
                "kind": "ClusterRole",
                "name": "cluster-admin"
              }
            ],
            "subject": [
              {
                "api_group": "",
                "kind": "ServiceAccount",
                "name": "default",
                "namespace": "data-layer"
              }
            ]
          },
          "sensitive_attributes": [],
          "identity_schema_version": 1,
          "identity": {
            "api_version": "rbac.authorization.k8s.io/v1",
            "kind": "ClusterRoleBinding",
            "name": "data-layer-default-admin"
          },
          "private": "bnVsbA==",
          "dependencies": [
            "kubernetes_namespace_v1.data_layer"
          ]
        }
      ]
    },
    {
      "mode": "managed",
      "type": "kubernetes_config_map_v1",
      "name": "data_layer_env",
      "provider": "provider[\"registry.terraform.io/hashicorp/kubernetes\"]",
      "instances": [
        {
          "schema_version": 0,
          "attributes": {
            "binary_data": null,
            "data": {
              "AIRFLOW_UID": "50000",
              "AIRFLOW_UI_URL": "http://data-layer-airflow:30085",
              "CDM_CONSUMER_GRAPH_BATCH_SIZE": "500",
              "CDM_CONSUMER_GRAPH_BATCH_TIME": "60.0",
              "CDM_CONSUMER_GRAPH_DLQ_TOPIC": "dlq-cdm-consumer-graph",
              "CDM_CONSUMER_GRAPH_GROUP": "cdm-consumer-graph",
              "CDM_CONSUMER_GRAPH_LOG_LEVEL": "INFO",
              "CDM_CONSUMER_RDB_BATCH_SIZE": "500",
              "CDM_CONSUMER_RDB_BATCH_TIME": "60.0",
              "CDM_CONSUMER_RDB_DLQ_TOPIC": "dlq-cdm-consumer-rdb",
              "CDM_CONSUMER_RDB_GROUP": "cdm-consumer-rdb",
              "CDM_CONSUMER_RDB_LOG_LEVEL": "INFO",
              "CDM_CONSUMER_WAREHOUSE_BATCH_SIZE": "500",
              "CDM_CONSUMER_WAREHOUSE_BATCH_TIME": "60.0",
              "CDM_CONSUMER_WAREHOUSE_DLQ_TOPIC": "dlq-cdm-consumer-warehouse",
              "CDM_CONSUMER_WAREHOUSE_GROUP": "cdm-consumer-warehouse",
              "CDM_CONSUMER_WAREHOUSE_LOG_LEVEL": "INFO",
              "CDM_DLQ_TOPIC": "dlq-cdm-topic",
              "CDM_MAPPER_LOG_LEVEL": "INFO",
              "CDM_OBJSTORE_BUCKET": "config",
              "CDM_OBJSTORE_ENDPOINT": "http://192.168.56.200:9000",
              "CDM_TOPIC": "cdm-topic",
              "CDM_TZ": "Asia/Seoul",
              "CDM_WORK_BATCH_SIZE": "500",
              "CDM_WORK_BATCH_TIME": "60.0",
              "COLLECTOR_DB_HOST": "192.168.56.200",
              "COLLECTOR_DB_NAME": "data_layer",
              "COLLECTOR_DB_PORT": "5432",
              "COLLECTOR_DB_SCHEMA": "data_pipeline",
              "DATA_QUALITY_DLQ_TOPIC": "dlq.raw",
              "DATA_QUALITY_MAPPER_PREFIX": "cdm-mapper",
              "DATA_QUALITY_RESTART_DRAIN_TIMEOUT": "180",
              "GF_AUTH_ANONYMOUS_ENABLED": "true",
              "GF_AUTH_ANONYMOUS_ORG_ROLE": "Editor",
              "GF_SECURITY_ALLOW_EMBEDDING": "true",
              "GRAFANA_URL": "http://data-layer-grafana:30300",
              "GRAPH_LABEL_PREFIX": "Test",
              "ICEBERG_CATALOG_DB_NAME": "iceberg_catalog",
              "ICEBERG_CATALOG_URI": "postgresql+psycopg2://data_layer:data_layer123%21@192.168.56.200:5432/iceberg_catalog",
              "ICEBERG_WAREHOUSE": "s3://warehouse/",
              "KAFKA_BOOTSTRAP": "192.168.56.200:9092,192.168.56.201:9092,192.168.56.202:9092",
              "KAFKA_CONNECT_URL": "http://cdc-connect.data-layer.svc.cluster.local:8083",
              "KAFKA_UI_CLUSTER_NAME": "kraft-cluster",
              "KAFKA_UI_URL": "http://data-layer-kafka-ui:30095",
              "LINEAGE_BATCH_SIZE": "500",
              "LINEAGE_BATCH_TIME": "60.0",
              "LINEAGE_DLQ_TOPIC": "dlq-lineage",
              "LINEAGE_GROUP": "cdm-lineage",
              "LINEAGE_LOG_LEVEL": "INFO",
              "LINEAGE_PG_DSN": "host=192.168.56.200 port=5432 dbname=data_layer user=data_layer password=data_layer123!",
              "LINEAGE_TOPIC": "lineage-topic",
              "MINIO_S3_ENDPOINT": "http://192.168.56.200:9000",
              "MINIO_WAREHOUSE_BUCKET": "warehouse",
              "PLATFORM_NEO4J_DATABASE": "neo4j",
              "PLATFORM_NEO4J_URI": "bolt://192.168.56.200:7687",
              "PLATFORM_PG_DSN": "host=192.168.56.200 port=5432 dbname=data_layer user=data_layer password=data_layer123!",
              "SCHEMA_REGISTRY_URL": "http://schema-registry.data-layer.svc.cluster.local:9096",
              "TCP_SOCKET_BIND": "0.0.0.0",
              "TCP_SOCKET_CONTAINER": "tcp-socket-collector",
              "TCP_SOCKET_DLQ_TOPIC": "dlq.raw",
              "TCP_SOCKET_IDLE_TIMEOUT": "300",
              "TCP_SOCKET_LOG_LEVEL": "INFO",
              "TCP_SOCKET_MAX_CONN": "64",
              "TCP_SOCKET_MAX_LINE": "65536",
              "TCP_SOCKET_ORIGIN": "socket.tcp",
              "TCP_SOCKET_PG_DSN": "host=192.168.56.200 port=5432 dbname=data_layer user=data_layer password=data_layer123!",
              "TCP_SOCKET_REFRESH_INTERVAL": "5",
              "TCP_SOCKET_STATS_INTERVAL": "60"
            },
            "id": "data-layer/data-layer-env",
            "immutable": false,
            "metadata": [
              {
                "annotations": null,
                "generate_name": "",
                "generation": 0,
                "labels": {
                  "app.kubernetes.io/part-of": "data-layer"
                },
                "name": "data-layer-env",
                "namespace": "data-layer",
                "resource_version": "104397",
                "uid": "c372eef6-3f7f-419f-a4b5-e651a3e78b04"
              }
            ]
          },
          "sensitive_attributes": [
            [
              {
                "type": "get_attr",
                "value": "data"
              },
              {
                "type": "index",
                "value": {
                  "value": "ICEBERG_CATALOG_URI",
                  "type": "string"
                }
              }
            ],
            [
              {
                "type": "get_attr",
                "value": "data"
              },
              {
                "type": "index",
                "value": {
                  "value": "LINEAGE_PG_DSN",
                  "type": "string"
                }
              }
            ],
            [
              {
                "type": "get_attr",
                "value": "data"
              },
              {
                "type": "index",
                "value": {
                  "value": "PLATFORM_PG_DSN",
                  "type": "string"
                }
              }
            ],
            [
              {
                "type": "get_attr",
                "value": "data"
              },
              {
                "type": "index",
                "value": {
                  "value": "TCP_SOCKET_PG_DSN",
                  "type": "string"
                }
              }
            ]
          ],
          "identity_schema_version": 1,
          "identity": {
            "api_version": "v1",
            "kind": "ConfigMap",
            "name": "data-layer-env",
            "namespace": "data-layer"
          },
          "private": "bnVsbA==",
          "dependencies": [
            "kubernetes_namespace_v1.data_layer"
          ]
        }
      ]
    },
    {
      "mode": "managed",
      "type": "kubernetes_namespace_v1",
      "name": "data_layer",
      "provider": "provider[\"registry.terraform.io/hashicorp/kubernetes\"]",
      "instances": [
        {
          "schema_version": 0,
          "attributes": {
            "id": "data-layer",
            "metadata": [
              {
                "annotations": null,
                "generate_name": "",
                "generation": 0,
                "labels": {
                  "app.kubernetes.io/part-of": "data-layer"
                },
                "name": "data-layer",
                "resource_version": "104394",
                "uid": "5afae01c-df79-4d9e-a2b0-5952fa481e81"
              }
            ],
            "timeouts": null,
            "wait_for_default_service_account": false
          },
          "sensitive_attributes": [],
          "identity_schema_version": 1,
          "identity": {
            "api_version": "v1",
            "kind": "Namespace",
            "name": "data-layer"
          },
          "private": "eyJlMmJmYjczMC1lY2FhLTExZTYtOGY4OC0zNDM2M2JjN2M0YzAiOnsiZGVsZXRlIjozMDAwMDAwMDAwMDB9fQ=="
        }
      ]
    },
    {
      "mode": "managed",
      "type": "kubernetes_secret_v1",
      "name": "data_layer_secrets",
      "provider": "provider[\"registry.terraform.io/hashicorp/kubernetes\"]",
      "instances": [
        {
          "schema_version": 0,
          "attributes": {
            "binary_data": null,
            "binary_data_wo": null,
            "binary_data_wo_revision": null,
            "data": {
              "CDM_OBJSTORE_ACCESS_KEY": "data_layer",
              "CDM_OBJSTORE_SECRET_KEY": "data_layer123!",
              "COLLECTOR_CRYPTO_KEY": "u4_J9Xv9V0XmC_Y7B3V-J1oW7vL6wK2z8x3c4v5b6n7=",
              "COLLECTOR_DB_PASSWORD": "data_layer123!",
              "COLLECTOR_DB_USER": "data_layer",
              "DATA_LAYER_API_KEY": "b8f79dd470abff9e6b2c2de6b57f1f46081352f03aff4ce3bd1eb359cdbd1abf",
              "GF_SECURITY_ADMIN_PASSWORD": "admin",
              "GF_SECURITY_ADMIN_USER": "admin",
              "MINIO_ROOT_PASSWORD": "data_layer123!",
              "MINIO_ROOT_USER": "data_layer",
              "PLATFORM_NEO4J_PASSWORD": "datalayer-neo4j",
              "PLATFORM_NEO4J_USER": "neo4j"
            },
            "data_wo": null,
            "data_wo_revision": null,
            "id": "data-layer/data-layer-secrets",
            "immutable": false,
            "metadata": [
              {
                "annotations": null,
                "generate_name": "",
                "generation": 0,
                "labels": {
                  "app.kubernetes.io/part-of": "data-layer"
                },
                "name": "data-layer-secrets",
                "namespace": "data-layer",
                "resource_version": "104399",
                "uid": "c4eeb99c-53cf-421b-b86b-5f1d5f728f48"
              }
            ],
            "timeouts": null,
            "type": "Opaque",
            "wait_for_service_account_token": true
          },
          "sensitive_attributes": [
            [
              {
                "type": "get_attr",
                "value": "binary_data"
              }
            ],
            [
              {
                "type": "get_attr",
                "value": "data"
              }
            ],
            [
              {
                "type": "get_attr",
                "value": "data"
              },
              {
                "type": "index",
                "value": {
                  "value": "CDM_OBJSTORE_ACCESS_KEY",
                  "type": "string"
                }
              }
            ],
            [
              {
                "type": "get_attr",
                "value": "data"
              },
              {
                "type": "index",
                "value": {
                  "value": "CDM_OBJSTORE_SECRET_KEY",
                  "type": "string"
                }
              }
            ],
            [
              {
                "type": "get_attr",
                "value": "data"
              },
              {
                "type": "index",
                "value": {
                  "value": "COLLECTOR_CRYPTO_KEY",
                  "type": "string"
                }
              }
            ],
            [
              {
                "type": "get_attr",
                "value": "data"
              },
              {
                "type": "index",
                "value": {
                  "value": "COLLECTOR_DB_PASSWORD",
                  "type": "string"
                }
              }
            ],
            [
              {
                "type": "get_attr",
                "value": "data"
              },
              {
                "type": "index",
                "value": {
                  "value": "COLLECTOR_DB_USER",
                  "type": "string"
                }
              }
            ],
            [
              {
                "type": "get_attr",
                "value": "data"
              },
              {
                "type": "index",
                "value": {
                  "value": "DATA_LAYER_API_KEY",
                  "type": "string"
                }
              }
            ],
            [
              {
                "type": "get_attr",
                "value": "data"
              },
              {
                "type": "index",
                "value": {
                  "value": "GF_SECURITY_ADMIN_PASSWORD",
                  "type": "string"
                }
              }
            ],
            [
              {
                "type": "get_attr",
                "value": "data"
              },
              {
                "type": "index",
                "value": {
                  "value": "GF_SECURITY_ADMIN_USER",
                  "type": "string"
                }
              }
            ],
            [
              {
                "type": "get_attr",
                "value": "data"
              },
              {
                "type": "index",
                "value": {
                  "value": "MINIO_ROOT_PASSWORD",
                  "type": "string"
                }
              }
            ],
            [
              {
                "type": "get_attr",
                "value": "data"
              },
              {
                "type": "index",
                "value": {
                  "value": "MINIO_ROOT_USER",
                  "type": "string"
                }
              }
            ],
            [
              {
                "type": "get_attr",
                "value": "data"
              },
              {
                "type": "index",
                "value": {
                  "value": "PLATFORM_NEO4J_PASSWORD",
                  "type": "string"
                }
              }
            ],
            [
              {
                "type": "get_attr",
                "value": "data"
              },
              {
                "type": "index",
                "value": {
                  "value": "PLATFORM_NEO4J_USER",
                  "type": "string"
                }
              }
            ]
          ],
          "identity_schema_version": 1,
          "identity": {
            "api_version": "v1",
            "kind": "Secret",
            "name": "data-layer-secrets",
            "namespace": "data-layer"
          },
          "private": "eyJlMmJmYjczMC1lY2FhLTExZTYtOGY4OC0zNDM2M2JjN2M0YzAiOnsiY3JlYXRlIjo2MDAwMDAwMDAwMH19",
          "dependencies": [
            "kubernetes_namespace_v1.data_layer"
          ]
        }
      ]
    }
  ],
  "check_results": null
}
