{
  "version": 4,
  "terraform_version": "1.15.8",
  "serial": 1,
  "lineage": "acb10860-6725-b2c1-9544-d7bfd0de0cc1",
  "outputs": {},
  "resources": [
    {
      "mode": "managed",
      "type": "helm_release",
      "name": "cloudnative_pg",
      "provider": "provider[\"registry.terraform.io/hashicorp/helm\"]",
      "instances": [
        {
          "schema_version": 2,
          "attributes": {
            "atomic": false,
            "chart": "cloudnative-pg",
            "cleanup_on_fail": false,
            "create_namespace": true,
            "dependency_update": false,
            "description": null,
            "devel": null,
            "disable_crd_hooks": false,
            "disable_openapi_validation": false,
            "disable_webhooks": false,
            "force_update": false,
            "id": "cloudnative-pg",
            "keyring": null,
            "lint": false,
            "manifest": null,
            "max_history": 0,
            "metadata": {
              "app_version": "1.30.0",
              "chart": "cloudnative-pg",
              "first_deployed": 1787994407,
              "last_deployed": 1787994407,
              "name": "cloudnative-pg",
              "namespace": "cnpg-system",
              "notes": "\nCloudNativePG operator should be installed in namespace \"cnpg-system\".\nYou can now create a PostgreSQL cluster with 3 nodes as follows:\n\ncat \u003c\u003cEOF | kubectl apply -f -\n# Example of PostgreSQL cluster\napiVersion: postgresql.cnpg.io/v1\nkind: Cluster\nmetadata:\n  name: cluster-example\n  \nspec:\n  instances: 3\n  storage:\n    size: 1Gi\nEOF\n\nkubectl get -A cluster\n\n",
              "revision": 1,
              "values": "{\"crds\":{\"create\":true},\"monitoring\":{\"grafanaDashboard\":{\"create\":false},\"podMonitorEnabled\":false},\"resources\":{\"requests\":{\"cpu\":\"50m\",\"memory\":\"128Mi\"}}}",
              "version": "0.29.0"
            },
            "name": "cloudnative-pg",
            "namespace": "cnpg-system",
            "pass_credentials": false,
            "postrender": null,
            "recreate_pods": false,
            "render_subchart_notes": true,
            "replace": false,
            "repository": "https://cloudnative-pg.github.io/charts",
            "repository_ca_file": null,
            "repository_cert_file": null,
            "repository_key_file": null,
            "repository_password": null,
            "repository_username": null,
            "reset_values": false,
            "resources": null,
            "reuse_values": false,
            "set": null,
            "set_list": null,
            "set_sensitive": null,
            "set_wo": null,
            "set_wo_revision": null,
            "skip_crds": false,
            "status": "deployed",
            "take_ownership": false,
            "timeout": 600,
            "timeouts": null,
            "upgrade_install": false,
            "values": [
              "\"crds\":\n  \"create\": true\n\"monitoring\":\n  \"grafanaDashboard\":\n    \"create\": false\n  \"podMonitorEnabled\": false\n\"resources\":\n  \"requests\":\n    \"cpu\": \"50m\"\n    \"memory\": \"128Mi\"\n"
            ],
            "verify": false,
            "version": "0.29.0",
            "wait": true,
            "wait_for_jobs": false
          },
          "sensitive_attributes": [
            [
              {
                "type": "get_attr",
                "value": "repository_password"
              }
            ]
          ],
          "identity_schema_version": 0,
          "identity": {
            "namespace": "cnpg-system",
            "release_name": "cloudnative-pg"
          }
        }
      ]
    }
  ],
  "check_results": null
}
