{
  "version": 4,
  "terraform_version": "1.15.8",
  "serial": 1,
  "lineage": "232cbd02-54ec-9cb9-b4c6-8f4e337be505",
  "outputs": {},
  "resources": [
    {
      "mode": "managed",
      "type": "helm_release",
      "name": "harbor",
      "provider": "provider[\"registry.terraform.io/hashicorp/helm\"]",
      "instances": [
        {
          "schema_version": 2,
          "attributes": {
            "atomic": false,
            "chart": "harbor",
            "cleanup_on_fail": false,
            "create_namespace": true,
            "dependency_update": false,
            "description": null,
            "devel": null,
            "disable_crd_hooks": false,
            "disable_openapi_validation": false,
            "disable_webhooks": false,
            "force_update": false,
            "id": "harbor",
            "keyring": null,
            "lint": false,
            "manifest": null,
            "max_history": 0,
            "metadata": {
              "app_version": "2.14.4",
              "chart": "harbor",
              "first_deployed": 1785663561,
              "last_deployed": 1785663561,
              "name": "harbor",
              "namespace": "harbor",
              "notes": "Please wait for several minutes for Harbor deployment to complete.\nThen you should be able to visit the Harbor portal at http://data-layer-harbor:30002\nFor more details, please visit https://github.com/goharbor/harbor\n",
              "revision": 1,
              "values": "{\"expose\":{\"nodePort\":{\"ports\":{\"http\":{\"nodePort\":30002}}},\"tls\":{\"enabled\":false},\"type\":\"nodePort\"},\"externalURL\":\"http://data-layer-harbor:30002\",\"harborAdminPassword\":\"Harbor12345\",\"persistence\":{\"persistentVolumeClaim\":{\"database\":{\"size\":\"2Gi\",\"storageClass\":\"longhorn\"},\"jobservice\":{\"jobLog\":{\"size\":\"2Gi\",\"storageClass\":\"longhorn\"}},\"redis\":{\"size\":\"2Gi\",\"storageClass\":\"longhorn\"},\"registry\":{\"size\":\"30Gi\",\"storageClass\":\"longhorn\"}}},\"trivy\":{\"enabled\":true}}",
              "version": "1.18.4"
            },
            "name": "harbor",
            "namespace": "harbor",
            "pass_credentials": false,
            "postrender": null,
            "recreate_pods": false,
            "render_subchart_notes": true,
            "replace": false,
            "repository": "https://helm.goharbor.io",
            "repository_ca_file": null,
            "repository_cert_file": null,
            "repository_key_file": null,
            "repository_password": null,
            "repository_username": null,
            "reset_values": false,
            "resources": null,
            "reuse_values": false,
            "set": null,
            "set_list": null,
            "set_sensitive": null,
            "set_wo": null,
            "set_wo_revision": null,
            "skip_crds": false,
            "status": "deployed",
            "take_ownership": false,
            "timeout": 600,
            "timeouts": null,
            "upgrade_install": false,
            "values": [
              "\"expose\":\n  \"nodePort\":\n    \"ports\":\n      \"http\":\n        \"nodePort\": 30002\n  \"tls\":\n    \"enabled\": false\n  \"type\": \"nodePort\"\n\"externalURL\": \"http://data-layer-harbor:30002\"\n\"harborAdminPassword\": \"Harbor12345\"\n\"persistence\":\n  \"persistentVolumeClaim\":\n    \"database\":\n      \"size\": \"2Gi\"\n      \"storageClass\": \"longhorn\"\n    \"jobservice\":\n      \"jobLog\":\n        \"size\": \"2Gi\"\n        \"storageClass\": \"longhorn\"\n    \"redis\":\n      \"size\": \"2Gi\"\n      \"storageClass\": \"longhorn\"\n    \"registry\":\n      \"size\": \"30Gi\"\n      \"storageClass\": \"longhorn\"\n\"trivy\":\n  \"enabled\": true\n"
            ],
            "verify": false,
            "version": "1.18.4",
            "wait": true,
            "wait_for_jobs": false
          },
          "sensitive_attributes": [
            [
              {
                "type": "get_attr",
                "value": "repository_password"
              }
            ],
            [
              {
                "type": "get_attr",
                "value": "values"
              },
              {
                "type": "index",
                "value": {
                  "value": 0,
                  "type": "number"
                }
              }
            ]
          ],
          "identity_schema_version": 0,
          "identity": {
            "namespace": "harbor",
            "release_name": "harbor"
          }
        }
      ]
    }
  ],
  "check_results": null
}
