{
  "version": 4,
  "terraform_version": "1.15.8",
  "serial": 3,
  "lineage": "c2b74fb8-b094-6a32-8d5a-57b2868ae68a",
  "outputs": {},
  "resources": [
    {
      "mode": "managed",
      "type": "harbor_project",
      "name": "data_layer",
      "provider": "provider[\"registry.terraform.io/goharbor/harbor\"]",
      "instances": [
        {
          "schema_version": 0,
          "attributes": {
            "auto_sbom_generation": false,
            "cve_allowlist": null,
            "deployment_security": "",
            "enable_content_trust": false,
            "enable_content_trust_cosign": false,
            "force_destroy": false,
            "id": "/projects/2",
            "name": "data-layer",
            "project_id": 2,
            "public": true,
            "registry_id": 0,
            "storage_quota": -1,
            "vulnerability_scanning": true
          },
          "sensitive_attributes": [],
          "identity_schema_version": 0,
          "private": "bnVsbA==",
          "dependencies": [
            "helm_release.harbor"
          ]
        }
      ]
    },
    {
      "mode": "managed",
      "type": "helm_release",
      "name": "harbor",
      "provider": "provider[\"registry.terraform.io/hashicorp/helm\"]",
      "instances": [
        {
          "schema_version": 2,
          "attributes": {
            "atomic": false,
            "chart": "harbor",
            "cleanup_on_fail": false,
            "create_namespace": true,
            "dependency_update": false,
            "description": null,
            "devel": null,
            "disable_crd_hooks": false,
            "disable_openapi_validation": false,
            "disable_webhooks": false,
            "force_update": false,
            "id": "harbor",
            "keyring": null,
            "lint": false,
            "manifest": null,
            "max_history": 0,
            "metadata": {
              "app_version": "2.14.4",
              "chart": "harbor",
              "first_deployed": 1786436135,
              "last_deployed": 1786436135,
              "name": "harbor",
              "namespace": "harbor",
              "notes": "Please wait for several minutes for Harbor deployment to complete.\nThen you should be able to visit the Harbor portal at http://data-layer-harbor\nFor more details, please visit https://github.com/goharbor/harbor\n",
              "revision": 1,
              "values": "{\"expose\":{\"ingress\":{\"annotations\":{\"ingress.kubernetes.io/ssl-redirect\":\"false\",\"nginx.ingress.kubernetes.io/proxy-body-size\":\"0\",\"nginx.ingress.kubernetes.io/proxy-read-timeout\":\"600\",\"nginx.ingress.kubernetes.io/proxy-request-buffering\":\"off\",\"nginx.ingress.kubernetes.io/proxy-send-timeout\":\"600\",\"nginx.ingress.kubernetes.io/ssl-redirect\":\"false\"},\"className\":\"nginx\",\"hosts\":{\"core\":\"data-layer-harbor\"}},\"tls\":{\"enabled\":false},\"type\":\"ingress\"},\"externalURL\":\"http://data-layer-harbor\",\"harborAdminPassword\":\"Harbor12345\",\"persistence\":{\"persistentVolumeClaim\":{\"database\":{\"size\":\"2Gi\",\"storageClass\":\"longhorn\"},\"jobservice\":{\"jobLog\":{\"size\":\"2Gi\",\"storageClass\":\"local-path\"}},\"redis\":{\"size\":\"2Gi\",\"storageClass\":\"longhorn\"},\"registry\":{\"size\":\"30Gi\",\"storageClass\":\"longhorn\"}}},\"trivy\":{\"enabled\":true,\"ignoreUnfixed\":true}}",
              "version": "1.18.4"
            },
            "name": "harbor",
            "namespace": "harbor",
            "pass_credentials": false,
            "postrender": null,
            "recreate_pods": false,
            "render_subchart_notes": true,
            "replace": false,
            "repository": "https://helm.goharbor.io",
            "repository_ca_file": null,
            "repository_cert_file": null,
            "repository_key_file": null,
            "repository_password": null,
            "repository_username": null,
            "reset_values": false,
            "resources": null,
            "reuse_values": false,
            "set": null,
            "set_list": null,
            "set_sensitive": null,
            "set_wo": null,
            "set_wo_revision": null,
            "skip_crds": false,
            "status": "deployed",
            "take_ownership": false,
            "timeout": 600,
            "timeouts": null,
            "upgrade_install": false,
            "values": [
              "\"expose\":\n  \"ingress\":\n    \"annotations\":\n      \"ingress.kubernetes.io/ssl-redirect\": \"false\"\n      \"nginx.ingress.kubernetes.io/proxy-body-size\": \"0\"\n      \"nginx.ingress.kubernetes.io/proxy-read-timeout\": \"600\"\n      \"nginx.ingress.kubernetes.io/proxy-request-buffering\": \"off\"\n      \"nginx.ingress.kubernetes.io/proxy-send-timeout\": \"600\"\n      \"nginx.ingress.kubernetes.io/ssl-redirect\": \"false\"\n    \"className\": \"nginx\"\n    \"hosts\":\n      \"core\": \"data-layer-harbor\"\n  \"tls\":\n    \"enabled\": false\n  \"type\": \"ingress\"\n\"externalURL\": \"http://data-layer-harbor\"\n\"harborAdminPassword\": \"Harbor12345\"\n\"persistence\":\n  \"persistentVolumeClaim\":\n    \"database\":\n      \"size\": \"2Gi\"\n      \"storageClass\": \"longhorn\"\n    \"jobservice\":\n      \"jobLog\":\n        \"size\": \"2Gi\"\n        \"storageClass\": \"local-path\"\n    \"redis\":\n      \"size\": \"2Gi\"\n      \"storageClass\": \"longhorn\"\n    \"registry\":\n      \"size\": \"30Gi\"\n      \"storageClass\": \"longhorn\"\n\"trivy\":\n  \"enabled\": true\n  \"ignoreUnfixed\": true\n"
            ],
            "verify": false,
            "version": "1.18.4",
            "wait": true,
            "wait_for_jobs": false
          },
          "sensitive_attributes": [
            [
              {
                "type": "get_attr",
                "value": "repository_password"
              }
            ],
            [
              {
                "type": "get_attr",
                "value": "values"
              },
              {
                "type": "index",
                "value": {
                  "value": 0,
                  "type": "number"
                }
              }
            ]
          ],
          "identity_schema_version": 0,
          "identity": {
            "namespace": "harbor",
            "release_name": "harbor"
          }
        }
      ]
    }
  ],
  "check_results": null
}
